
Microsoft Visual Studio Solution File, Format Version 12.00
# Visual Studio Version 16
VisualStudioVersion = 16.0.29326.143
MinimumVisualStudioVersion = 10.0.40219.1
Project("{9A19103F-16F7-4668-BE54-9A1E7A4F7556}") = "CSharp8", "CSharp8\CSharp8.csproj", "{B90A97E6-9B6C-4A21-848D-825D84D10F3C}"
EndProject
Project("{9A19103F-16F7-4668-BE54-9A1E7A4F7556}") = "FPInCsharp", "language-ext\FPInCsharp.csproj", "{8BFB8139-C1CB-4CF5-A13A-C4796F1412B4}"
EndProject
Global
	GlobalSection(SolutionConfigurationPlatforms) = preSolution
		Debug|Any CPU = Debug|Any CPU
		Release|Any CPU = Release|Any CPU
	EndGlobalSection
	GlobalSection(ProjectConfigurationPlatforms) = postSolution
		{B90A97E6-9B6C-4A21-848D-825D84D10F3C}.Debug|Any CPU.ActiveCfg = Debug|Any CPU
		{B90A97E6-9B6C-4A21-848D-825D84D10F3C}.Debug|Any CPU.Build.0 = Debug|Any CPU
		{B90A97E6-9B6C-4A21-848D-825D84D10F3C}.Release|Any CPU.ActiveCfg = Release|Any CPU
		{B90A97E6-9B6C-4A21-848D-825D84D10F3C}.Release|Any CPU.Build.0 = Release|Any CPU
		{8BFB8139-C1CB-4CF5-A13A-C4796F1412B4}.Debug|Any CPU.ActiveCfg = Debug|Any CPU
		{8BFB8139-C1CB-4CF5-A13A-C4796F1412B4}.Debug|Any CPU.Build.0 = Debug|Any CPU
		{8BFB8139-C1CB-4CF5-A13A-C4796F1412B4}.Release|Any CPU.ActiveCfg = Release|Any CPU
		{8BFB8139-C1CB-4CF5-A13A-C4796F1412B4}.Release|Any CPU.Build.0 = Release|Any CPU
	EndGlobalSection
	GlobalSection(SolutionProperties) = preSolution
		HideSolutionNode = FALSE
	EndGlobalSection
	GlobalSection(ExtensibilityGlobals) = postSolution
		SolutionGuid = {6BDFDEF5-1069-4B8B-9BC3-DEA42C64782C}
	EndGlobalSection
EndGlobal
